
Microsoft Visual Studio Solution File, Format Version 12.00
# Visual Studio Version 17
VisualStudioVersion = 17.10.35004.147
MinimumVisualStudioVersion = 10.0.40219.1
Project("{FAE04EC0-301F-11D3-BF4B-00C04F79EFBC}") = "ConsoleApp1", "ConsoleApp1\ConsoleApp1.csproj", "{45E6D806-9C3E-45AA-9406-418FE09C7CF8}"
EndProject
Global
	GlobalSection(SolutionConfigurationPlatforms) = preSolution
		Debug|Any CPU = Debug|Any CPU
		Release|Any CPU = Release|Any CPU
	EndGlobalSection
	GlobalSection(ProjectConfigurationPlatforms) = postSolution
		{45E6D806-9C3E-45AA-9406-418FE09C7CF8}.Debug|Any CPU.ActiveCfg = Debug|Any CPU
		{45E6D806-9C3E-45AA-9406-418FE09C7CF8}.Debug|Any CPU.Build.0 = Debug|Any CPU
		{45E6D806-9C3E-45AA-9406-418FE09C7CF8}.Release|Any CPU.ActiveCfg = Release|Any CPU
		{45E6D806-9C3E-45AA-9406-418FE09C7CF8}.Release|Any CPU.Build.0 = Release|Any CPU
	EndGlobalSection
	GlobalSection(SolutionProperties) = preSolution
		HideSolutionNode = FALSE
	EndGlobalSection
	GlobalSection(ExtensibilityGlobals) = postSolution
		SolutionGuid = {78DAEB3E-EE16-4FB8-9CBA-57ABED3652B5}
	EndGlobalSection
EndGlobal
